PODS:
  - Flutter (1.0.0)
  - flutter_webview_plugin (0.0.1):
    - Flutter
  - launch_review (0.0.1):
    - Flutter
  - share (0.5.2):
    - Flutter
  - shared_preferences (0.0.1):
    - Flutter
  - url_launcher (0.0.1):
    - Flutter

DEPENDENCIES:
  - Flutter (from `.symlinks/flutter/ios`)
  - flutter_webview_plugin (from `.symlinks/plugins/flutter_webview_plugin/ios`)
  - launch_review (from `.symlinks/plugins/launch_review/ios`)
  - share (from `.symlinks/plugins/share/ios`)
  - shared_preferences (from `.symlinks/plugins/shared_preferences/ios`)
  - url_launcher (from `.symlinks/plugins/url_launcher/ios`)

EXTERNAL SOURCES:
  Flutter:
    :path: ".symlinks/flutter/ios"
  flutter_webview_plugin:
    :path: ".symlinks/plugins/flutter_webview_plugin/ios"
  launch_review:
    :path: ".symlinks/plugins/launch_review/ios"
  share:
    :path: ".symlinks/plugins/share/ios"
  shared_preferences:
    :path: ".symlinks/plugins/shared_preferences/ios"
  url_launcher:
    :path: ".symlinks/plugins/url_launcher/ios"

SPEC CHECKSUMS:
  Flutter: 0e3d915762c693b495b44d77113d4970485de6ec
  flutter_webview_plugin: ed9e8a6a96baf0c867e90e1bce2673913eeac694
  launch_review: 75d5a956ba8eaa493e9c9d4bf4c05e505e8d5ed0
  share: bae0a282aab4483288913fc4dc0b935d4b491f2e
  shared_preferences: 430726339841afefe5142b9c1f50cb6bd7793e01
  url_launcher: a1c0cc845906122c4784c542523d8cacbded5626

PODFILE CHECKSUM: aff02bfeed411c636180d6812254b2daeea14d09

COCOAPODS: 1.8.4
